
Microsoft Visual Studio Solution File, Format Version 12.00
# Visual Studio 15
VisualStudioVersion = 15.0.27004.2005
MinimumVisualStudioVersion = 10.0.40219.1
Project("{FAE04EC0-301F-11D3-BF4B-00C04F79EFBC}") = "AspNetNote.MVC6", "AspNetNote.MVC6\AspNetNote.MVC6.csproj", "{8845ADC1-E13F-40C1-9A06-3C2072DE209B}"
EndProject
Global
	GlobalSection(SolutionConfigurationPlatforms) = preSolution
		Debug|Any CPU = Debug|Any CPU
		Release|Any CPU = Release|Any CPU
	EndGlobalSection
	GlobalSection(ProjectConfigurationPlatforms) = postSolution
		{8845ADC1-E13F-40C1-9A06-3C2072DE209B}.Debug|Any CPU.ActiveCfg = Debug|Any CPU
		{8845ADC1-E13F-40C1-9A06-3C2072DE209B}.Debug|Any CPU.Build.0 = Debug|Any CPU
		{8845ADC1-E13F-40C1-9A06-3C2072DE209B}.Release|Any CPU.ActiveCfg = Release|Any CPU
		{8845ADC1-E13F-40C1-9A06-3C2072DE209B}.Release|Any CPU.Build.0 = Release|Any CPU
	EndGlobalSection
	GlobalSection(SolutionProperties) = preSolution
		HideSolutionNode = FALSE
	EndGlobalSection
	GlobalSection(ExtensibilityGlobals) = postSolution
		SolutionGuid = {14253F4B-4035-454A-829B-1FD5A8F41103}
	EndGlobalSection
EndGlobal
